
Microsoft Visual Studio Solution File, Format Version 12.00
# Visual Studio Version 17
VisualStudioVersion = 17.5.33424.131
MinimumVisualStudioVersion = 10.0.40219.1
Project("{FAE04EC0-301F-11D3-BF4B-00C04F79EFBC}") = "COMP350Lab5", "COMP350Lab5\COMP350Lab5.csproj", "{AB495288-EDEB-4A14-A006-DE49F7470B16}"
EndProject
Global
	GlobalSection(SolutionConfigurationPlatforms) = preSolution
		Debug|Any CPU = Debug|Any CPU
		Release|Any CPU = Release|Any CPU
	EndGlobalSection
	GlobalSection(ProjectConfigurationPlatforms) = postSolution
		{AB495288-EDEB-4A14-A006-DE49F7470B16}.Debug|Any CPU.ActiveCfg = Debug|Any CPU
		{AB495288-EDEB-4A14-A006-DE49F7470B16}.Debug|Any CPU.Build.0 = Debug|Any CPU
		{AB495288-EDEB-4A14-A006-DE49F7470B16}.Release|Any CPU.ActiveCfg = Release|Any CPU
		{AB495288-EDEB-4A14-A006-DE49F7470B16}.Release|Any CPU.Build.0 = Release|Any CPU
	EndGlobalSection
	GlobalSection(SolutionProperties) = preSolution
		HideSolutionNode = FALSE
	EndGlobalSection
	GlobalSection(ExtensibilityGlobals) = postSolution
		SolutionGuid = {68105E2C-0DEC-4ED5-90DB-5C80DA3034B9}
	EndGlobalSection
EndGlobal
